
Microsoft Visual Studio Solution File, Format Version 12.00
# Visual Studio Version 17
VisualStudioVersion = 17.14.36408.4
MinimumVisualStudioVersion = 10.0.40219.1
Project("{FAE04EC0-301F-11D3-BF4B-00C04F79EFBC}") = "AudioDownmixerGUI", "AudioDownmixerGUI\AudioDownmixerGUI.csproj", "{70805F1B-8E73-4289-ADD7-C179EF44087D}"
EndProject
Global
	GlobalSection(SolutionConfigurationPlatforms) = preSolution
		Debug|Any CPU = Debug|Any CPU
		Debug|x64 = Debug|x64
		Release|Any CPU = Release|Any CPU
		Release|x64 = Release|x64
	EndGlobalSection
	GlobalSection(ProjectConfigurationPlatforms) = postSolution
		{70805F1B-8E73-4289-ADD7-C179EF44087D}.Debug|Any CPU.ActiveCfg = Debug|Any CPU
		{70805F1B-8E73-4289-ADD7-C179EF44087D}.Debug|Any CPU.Build.0 = Debug|Any CPU
		{70805F1B-8E73-4289-ADD7-C179EF44087D}.Debug|x64.ActiveCfg = Debug|x64
		{70805F1B-8E73-4289-ADD7-C179EF44087D}.Debug|x64.Build.0 = Debug|x64
		{70805F1B-8E73-4289-ADD7-C179EF44087D}.Release|Any CPU.ActiveCfg = Release|Any CPU
		{70805F1B-8E73-4289-ADD7-C179EF44087D}.Release|Any CPU.Build.0 = Release|Any CPU
		{70805F1B-8E73-4289-ADD7-C179EF44087D}.Release|x64.ActiveCfg = Release|x64
		{70805F1B-8E73-4289-ADD7-C179EF44087D}.Release|x64.Build.0 = Release|x64
	EndGlobalSection
	GlobalSection(SolutionProperties) = preSolution
		HideSolutionNode = FALSE
	EndGlobalSection
	GlobalSection(ExtensibilityGlobals) = postSolution
		SolutionGuid = {5CC16C5D-F680-4FFC-AD72-0F260BFA9E81}
	EndGlobalSection
EndGlobal
